
Microsoft Visual Studio Solution File, Format Version 12.00
# Visual Studio 14
VisualStudioVersion = 14.0.25420.1
MinimumVisualStudioVersion = 10.0.40219.1
Project("{FAE04EC0-301F-11D3-BF4B-00C04F79EFBC}") = "ChatbotApi", "ChatbotApi\ChatbotApi.csproj", "{EFD5E5D6-9EBA-49F2-80D8-D6AF0A3E48FE}"
EndProject
Global
	GlobalSection(SolutionConfigurationPlatforms) = preSolution
		Debug|Any CPU = Debug|Any CPU
		Release|Any CPU = Release|Any CPU
	EndGlobalSection
	GlobalSection(ProjectConfigurationPlatforms) = postSolution
		{EFD5E5D6-9EBA-49F2-80D8-D6AF0A3E48FE}.Debug|Any CPU.ActiveCfg = Debug|Any CPU
		{EFD5E5D6-9EBA-49F2-80D8-D6AF0A3E48FE}.Debug|Any CPU.Build.0 = Debug|Any CPU
		{EFD5E5D6-9EBA-49F2-80D8-D6AF0A3E48FE}.Release|Any CPU.ActiveCfg = Release|Any CPU
		{EFD5E5D6-9EBA-49F2-80D8-D6AF0A3E48FE}.Release|Any CPU.Build.0 = Release|Any CPU
	EndGlobalSection
	GlobalSection(SolutionProperties) = preSolution
		HideSolutionNode = FALSE
	EndGlobalSection
EndGlobal
